
Microsoft Visual Studio Solution File, Format Version 12.00
# Visual Studio 14
VisualStudioVersion = 14.0.25420.1
MinimumVisualStudioVersion = 10.0.40219.1
Project("{FAE04EC0-301F-11D3-BF4B-00C04F79EFBC}") = "Day01", "Day01\Day01.csproj", "{B6BCF7B7-94C7-4417-AF4C-F7E9C32FC1D6}"
EndProject
Project("{FAE04EC0-301F-11D3-BF4B-00C04F79EFBC}") = "Day02", "Day02\Day02.csproj", "{D41FA0A6-1FDC-4D9C-8F24-DB864B3059E0}"
EndProject
Project("{FAE04EC0-301F-11D3-BF4B-00C04F79EFBC}") = "Day03", "Day03\Day03.csproj", "{2D806BD8-E5F5-4E39-81EB-84C871D83332}"
EndProject
Project("{FAE04EC0-301F-11D3-BF4B-00C04F79EFBC}") = "Day04", "Day04\Day04.csproj", "{6CD9AA1D-CE63-42A4-B4B1-1D23A0C8002B}"
EndProject
Project("{FAE04EC0-301F-11D3-BF4B-00C04F79EFBC}") = "Day05", "Day05\Day05.csproj", "{A3C97C0E-3AB0-4843-B5F2-7EDCA2C10E8F}"
EndProject
Project("{FAE04EC0-301F-11D3-BF4B-00C04F79EFBC}") = "Day06", "Day06\Day06.csproj", "{AB191036-ABF0-4182-96C7-E07E3084839B}"
EndProject
Project("{FAE04EC0-301F-11D3-BF4B-00C04F79EFBC}") = "Day07", "Day07\Day07.csproj", "{28989FC8-2066-4CA7-B1C2-47A76FDE45F8}"
EndProject
Project("{FAE04EC0-301F-11D3-BF4B-00C04F79EFBC}") = "Day08", "Day08\Day08.csproj", "{9034382C-F6E1-4E91-9CC4-2B56668842A7}"
EndProject
Project("{FAE04EC0-301F-11D3-BF4B-00C04F79EFBC}") = "Day09", "Day09\Day09.csproj", "{54CD985A-5567-4094-9D5F-AD74F84624A1}"
EndProject
Project("{FAE04EC0-301F-11D3-BF4B-00C04F79EFBC}") = "UnitTestProject1", "UnitTestProject1\UnitTestProject1.csproj", "{ABDCCBCA-C1C5-4DCF-BA24-731E5E0FAC1A}"
EndProject
Project("{FAE04EC0-301F-11D3-BF4B-00C04F79EFBC}") = "Day10", "Day10\Day10.csproj", "{B80ADF3C-3AD0-40B9-B96A-103F63D07510}"
EndProject
Global
	GlobalSection(SolutionConfigurationPlatforms) = preSolution
		Debug|Any CPU = Debug|Any CPU
		Release|Any CPU = Release|Any CPU
	EndGlobalSection
	GlobalSection(ProjectConfigurationPlatforms) = postSolution
		{B6BCF7B7-94C7-4417-AF4C-F7E9C32FC1D6}.Debug|Any CPU.ActiveCfg = Debug|Any CPU
		{B6BCF7B7-94C7-4417-AF4C-F7E9C32FC1D6}.Debug|Any CPU.Build.0 = Debug|Any CPU
		{B6BCF7B7-94C7-4417-AF4C-F7E9C32FC1D6}.Release|Any CPU.ActiveCfg = Release|Any CPU
		{B6BCF7B7-94C7-4417-AF4C-F7E9C32FC1D6}.Release|Any CPU.Build.0 = Release|Any CPU
		{D41FA0A6-1FDC-4D9C-8F24-DB864B3059E0}.Debug|Any CPU.ActiveCfg = Debug|Any CPU
		{D41FA0A6-1FDC-4D9C-8F24-DB864B3059E0}.Debug|Any CPU.Build.0 = Debug|Any CPU
		{D41FA0A6-1FDC-4D9C-8F24-DB864B3059E0}.Release|Any CPU.ActiveCfg = Release|Any CPU
		{D41FA0A6-1FDC-4D9C-8F24-DB864B3059E0}.Release|Any CPU.Build.0 = Release|Any CPU
		{2D806BD8-E5F5-4E39-81EB-84C871D83332}.Debug|Any CPU.ActiveCfg = Debug|Any CPU
		{2D806BD8-E5F5-4E39-81EB-84C871D83332}.Debug|Any CPU.Build.0 = Debug|Any CPU
		{2D806BD8-E5F5-4E39-81EB-84C871D83332}.Release|Any CPU.ActiveCfg = Release|Any CPU
		{2D806BD8-E5F5-4E39-81EB-84C871D83332}.Release|Any CPU.Build.0 = Release|Any CPU
		{6CD9AA1D-CE63-42A4-B4B1-1D23A0C8002B}.Debug|Any CPU.ActiveCfg = Debug|Any CPU
		{6CD9AA1D-CE63-42A4-B4B1-1D23A0C8002B}.Debug|Any CPU.Build.0 = Debug|Any CPU
		{6CD9AA1D-CE63-42A4-B4B1-1D23A0C8002B}.Release|Any CPU.ActiveCfg = Release|Any CPU
		{6CD9AA1D-CE63-42A4-B4B1-1D23A0C8002B}.Release|Any CPU.Build.0 = Release|Any CPU
		{A3C97C0E-3AB0-4843-B5F2-7EDCA2C10E8F}.Debug|Any CPU.ActiveCfg = Debug|Any CPU
		{A3C97C0E-3AB0-4843-B5F2-7EDCA2C10E8F}.Debug|Any CPU.Build.0 = Debug|Any CPU
		{A3C97C0E-3AB0-4843-B5F2-7EDCA2C10E8F}.Release|Any CPU.ActiveCfg = Release|Any CPU
		{A3C97C0E-3AB0-4843-B5F2-7EDCA2C10E8F}.Release|Any CPU.Build.0 = Release|Any CPU
		{AB191036-ABF0-4182-96C7-E07E3084839B}.Debug|Any CPU.ActiveCfg = Debug|Any CPU
		{AB191036-ABF0-4182-96C7-E07E3084839B}.Debug|Any CPU.Build.0 = Debug|Any CPU
		{AB191036-ABF0-4182-96C7-E07E3084839B}.Release|Any CPU.ActiveCfg = Release|Any CPU
		{AB191036-ABF0-4182-96C7-E07E3084839B}.Release|Any CPU.Build.0 = Release|Any CPU
		{28989FC8-2066-4CA7-B1C2-47A76FDE45F8}.Debug|Any CPU.ActiveCfg = Debug|Any CPU
		{28989FC8-2066-4CA7-B1C2-47A76FDE45F8}.Debug|Any CPU.Build.0 = Debug|Any CPU
		{28989FC8-2066-4CA7-B1C2-47A76FDE45F8}.Release|Any CPU.ActiveCfg = Release|Any CPU
		{28989FC8-2066-4CA7-B1C2-47A76FDE45F8}.Release|Any CPU.Build.0 = Release|Any CPU
		{9034382C-F6E1-4E91-9CC4-2B56668842A7}.Debug|Any CPU.ActiveCfg = Debug|Any CPU
		{9034382C-F6E1-4E91-9CC4-2B56668842A7}.Debug|Any CPU.Build.0 = Debug|Any CPU
		{9034382C-F6E1-4E91-9CC4-2B56668842A7}.Release|Any CPU.ActiveCfg = Release|Any CPU
		{9034382C-F6E1-4E91-9CC4-2B56668842A7}.Release|Any CPU.Build.0 = Release|Any CPU
		{54CD985A-5567-4094-9D5F-AD74F84624A1}.Debug|Any CPU.ActiveCfg = Debug|Any CPU
		{54CD985A-5567-4094-9D5F-AD74F84624A1}.Debug|Any CPU.Build.0 = Debug|Any CPU
		{54CD985A-5567-4094-9D5F-AD74F84624A1}.Release|Any CPU.ActiveCfg = Release|Any CPU
		{54CD985A-5567-4094-9D5F-AD74F84624A1}.Release|Any CPU.Build.0 = Release|Any CPU
		{ABDCCBCA-C1C5-4DCF-BA24-731E5E0FAC1A}.Debug|Any CPU.ActiveCfg = Debug|Any CPU
		{ABDCCBCA-C1C5-4DCF-BA24-731E5E0FAC1A}.Debug|Any CPU.Build.0 = Debug|Any CPU
		{ABDCCBCA-C1C5-4DCF-BA24-731E5E0FAC1A}.Release|Any CPU.ActiveCfg = Release|Any CPU
		{ABDCCBCA-C1C5-4DCF-BA24-731E5E0FAC1A}.Release|Any CPU.Build.0 = Release|Any CPU
		{B80ADF3C-3AD0-40B9-B96A-103F63D07510}.Debug|Any CPU.ActiveCfg = Debug|Any CPU
		{B80ADF3C-3AD0-40B9-B96A-103F63D07510}.Debug|Any CPU.Build.0 = Debug|Any CPU
		{B80ADF3C-3AD0-40B9-B96A-103F63D07510}.Release|Any CPU.ActiveCfg = Release|Any CPU
		{B80ADF3C-3AD0-40B9-B96A-103F63D07510}.Release|Any CPU.Build.0 = Release|Any CPU
	EndGlobalSection
	GlobalSection(SolutionProperties) = preSolution
		HideSolutionNode = FALSE
	EndGlobalSection
EndGlobal
